
Microsoft Visual Studio Solution File, Format Version 12.00
# Visual Studio Version 16
VisualStudioVersion = 16.0.29613.14
MinimumVisualStudioVersion = 10.0.40219.1
Project("{F184B08F-C81C-45F6-A57F-5ABD9991F28F}") = "TutorialsPoint", "TutorialsPoint.vbproj", "{7FF1D750-1862-4F89-B3B2-0DF31B8A22CA}"
EndProject
Global
	GlobalSection(SolutionConfigurationPlatforms) = preSolution
		Debug|Any CPU = Debug|Any CPU
		Release|Any CPU = Release|Any CPU
	EndGlobalSection
	GlobalSection(ProjectConfigurationPlatforms) = postSolution
		{7FF1D750-1862-4F89-B3B2-0DF31B8A22CA}.Debug|Any CPU.ActiveCfg = Debug|Any CPU
		{7FF1D750-1862-4F89-B3B2-0DF31B8A22CA}.Debug|Any CPU.Build.0 = Debug|Any CPU
		{7FF1D750-1862-4F89-B3B2-0DF31B8A22CA}.Release|Any CPU.ActiveCfg = Release|Any CPU
		{7FF1D750-1862-4F89-B3B2-0DF31B8A22CA}.Release|Any CPU.Build.0 = Release|Any CPU
	EndGlobalSection
	GlobalSection(SolutionProperties) = preSolution
		HideSolutionNode = FALSE
	EndGlobalSection
	GlobalSection(ExtensibilityGlobals) = postSolution
		SolutionGuid = {709A902D-7D33-4776-8AFC-11F66ABCEF31}
	EndGlobalSection
EndGlobal
